<?xml version="1.0" encoding="utf-8"?>
<Project ToolsVersion="4.0" xmlns="http://schemas.microsoft.com/developer/msbuild/2003">
  <ItemGroup>
    <Filter Include="헤더 파일">
      <UniqueIdentifier>{93995380-89BD-4b04-88EB-625FBE52EBFB}</UniqueIdentifier>
      <Extensions>h;hh;hpp;hxx;h++;hm;inl;inc;ipp;xsd</Extensions>
    </Filter>
    <Filter Include="리소스 파일">
      <UniqueIdentifier>{67DA6AB6-F800-4c08-8B7A-83BB121AAD01}</UniqueIdentifier>
      <Extensions>rc;ico;cur;bmp;dlg;rc2;rct;bin;rgs;gif;jpg;jpeg;jpe;resx;tiff;tif;png;wav;mfcribbon-ms</Extensions>
    </Filter>
    <Filter Include="소스 파일">
      <UniqueIdentifier>{4FC737F1-C7A5-4376-A066-2A32D752A2FF}</UniqueIdentifier>
      <Extensions>cpp;c;cc;cxx;c++;cppm;ixx;def;odl;idl;hpj;bat;asm;asmx</Extensions>
    </Filter>
    <Filter Include="헤더 파일\PacketDTO">
      <UniqueIdentifier>{1d023fe5-9169-4344-95e0-4b578517f4a0}</UniqueIdentifier>
    </Filter>
    <Filter Include="헤더 파일\PacketDTO\RespDTO">
      <UniqueIdentifier>{19fa30ab-8209-4fa9-9c65-56614a62bd0e}</UniqueIdentifier>
    </Filter>
    <Filter Include="헤더 파일\PacketDTO\ReqDTO">
      <UniqueIdentifier>{e7fad5b5-038f-4841-a22f-9a4b63e521cb}</UniqueIdentifier>
    </Filter>
  </ItemGroup>
  <ItemGroup>
    <ClCompile Include="main.cpp">
      <Filter>소스 파일</Filter>
    </ClCompile>
    <ClCompile Include="ChatSession.cpp">
      <Filter>소스 파일</Filter>
    </ClCompile>
    <ClCompile Include="ChatRoom.cpp">
      <Filter>소스 파일</Filter>
    </ClCompile>
    <ClCompile Include="ChatServer.cpp">
      <Filter>소스 파일</Filter>
    </ClCompile>
    <ClCompile Include="Dispatcher.cpp">
      <Filter>소스 파일</Filter>
    </ClCompile>
  </ItemGroup>
  <ItemGroup>
    <ClInclude Include="ChatSession.h">
      <Filter>헤더 파일</Filter>
    </ClInclude>
    <ClInclude Include="ChatParticipant.h">
      <Filter>헤더 파일</Filter>
    </ClInclude>
    <ClInclude Include="ChatRoom.h">
      <Filter>헤더 파일</Filter>
    </ClInclude>
    <ClInclude Include="ChatServer.h">
      <Filter>헤더 파일</Filter>
    </ClInclude>
    <ClInclude Include="Packets.h">
      <Filter>헤더 파일</Filter>
    </ClInclude>
    <ClInclude Include="Dispatcher.h">
      <Filter>헤더 파일</Filter>
    </ClInclude>
    <ClInclude Include="NetworkDTO.h">
      <Filter>헤더 파일\PacketDTO</Filter>
    </ClInclude>
    <ClInclude Include="ChatMessageRespDTO.h">
      <Filter>헤더 파일\PacketDTO\RespDTO</Filter>
    </ClInclude>
    <ClInclude Include="WelcomeRespDTO.h">
      <Filter>헤더 파일\PacketDTO\RespDTO</Filter>
    </ClInclude>
    <ClInclude Include="PacketDTO.h">
      <Filter>헤더 파일\PacketDTO</Filter>
    </ClInclude>
    <ClInclude Include="ChatMessageReqDTO.h">
      <Filter>헤더 파일\PacketDTO\ReqDTO</Filter>
    </ClInclude>
    <ClInclude Include="WelcomeReqDTO.h">
      <Filter>헤더 파일\PacketDTO\ReqDTO</Filter>
    </ClInclude>
  </ItemGroup>
</Project>